
Microsoft Visual Studio Solution File, Format Version 12.00
# Visual Studio 15
VisualStudioVersion = 15.0.27703.2026
MinimumVisualStudioVersion = 10.0.40219.1
Project("{FAE04EC0-301F-11D3-BF4B-00C04F79EFBC}") = "Задание 2", "Задание 2\Задание 2.csproj", "{5E287184-6513-4405-A938-EBCFDA7207DA}"
EndProject
Project("{FAE04EC0-301F-11D3-BF4B-00C04F79EFBC}") = "Задание 3", "Задание 3\Задание 3.csproj", "{57AF9B24-982B-4B9D-BED4-54032C7C452E}"
EndProject
Project("{FAE04EC0-301F-11D3-BF4B-00C04F79EFBC}") = "Дополнительное задание", "Дополнительное задание\Дополнительное задание.csproj", "{91BC136A-6A92-4ACD-8792-07C85269E041}"
EndProject
Global
	GlobalSection(SolutionConfigurationPlatforms) = preSolution
		Debug|Any CPU = Debug|Any CPU
		Release|Any CPU = Release|Any CPU
	EndGlobalSection
	GlobalSection(ProjectConfigurationPlatforms) = postSolution
		{5E287184-6513-4405-A938-EBCFDA7207DA}.Debug|Any CPU.ActiveCfg = Debug|Any CPU
		{5E287184-6513-4405-A938-EBCFDA7207DA}.Debug|Any CPU.Build.0 = Debug|Any CPU
		{5E287184-6513-4405-A938-EBCFDA7207DA}.Release|Any CPU.ActiveCfg = Release|Any CPU
		{5E287184-6513-4405-A938-EBCFDA7207DA}.Release|Any CPU.Build.0 = Release|Any CPU
		{57AF9B24-982B-4B9D-BED4-54032C7C452E}.Debug|Any CPU.ActiveCfg = Debug|Any CPU
		{57AF9B24-982B-4B9D-BED4-54032C7C452E}.Debug|Any CPU.Build.0 = Debug|Any CPU
		{57AF9B24-982B-4B9D-BED4-54032C7C452E}.Release|Any CPU.ActiveCfg = Release|Any CPU
		{57AF9B24-982B-4B9D-BED4-54032C7C452E}.Release|Any CPU.Build.0 = Release|Any CPU
		{91BC136A-6A92-4ACD-8792-07C85269E041}.Debug|Any CPU.ActiveCfg = Debug|Any CPU
		{91BC136A-6A92-4ACD-8792-07C85269E041}.Debug|Any CPU.Build.0 = Debug|Any CPU
		{91BC136A-6A92-4ACD-8792-07C85269E041}.Release|Any CPU.ActiveCfg = Release|Any CPU
		{91BC136A-6A92-4ACD-8792-07C85269E041}.Release|Any CPU.Build.0 = Release|Any CPU
	EndGlobalSection
	GlobalSection(SolutionProperties) = preSolution
		HideSolutionNode = FALSE
	EndGlobalSection
	GlobalSection(ExtensibilityGlobals) = postSolution
		SolutionGuid = {A0743CE9-90D3-4A43-BC09-251162D35EAD}
	EndGlobalSection
EndGlobal
